{
  "name": "frontend",
  "lockfileVersion": 3,
  "requires": true,
  "packages": {
    "": {
      "name": "frontend",
      "hasInstallScript": true,
      "dependencies": {
        "nuxt": "^4.4.2",
        "vue": "^3.5.30",
        "vue-router": "^5.0.4"
      },
      "devDependencies": {
        "@nuxtjs/tailwindcss": "^6.14.0"
      }
    },
    "../../node_modules/.pnpm/@nuxtjs+tailwindcss@6.14.0_magicast@0.5.2_yaml@2.8.3/node_modules/@nuxtjs/tailwindcss": {
      "version": "6.14.0",
      "dev": true,
      "license": "MIT",
      "dependencies": {
        "@nuxt/kit": "^3.16.0",
        "autoprefixer": "^10.4.20",
        "c12": "^3.0.2",
        "consola": "^3.4.0",
        "defu": "^6.1.4",
        "h3": "^1.15.1",
        "klona": "^2.0.6",
        "ohash": "^2.0.11",
        "pathe": "^2.0.3",
        "pkg-types": "^2.1.0",
        "postcss": "^8.5.3",
        "postcss-nesting": "^13.0.1",
        "tailwind-config-viewer": "^2.0.4",
        "tailwindcss": "~3.4.17",
        "ufo": "^1.5.4",
        "unctx": "^2.4.1"
      },
      "devDependencies": {
        "@fontsource/inter": "^5.2.5",
        "@nuxt/content": "^2.13.4",
        "@nuxt/devtools": "^2.2.1",
        "@nuxt/eslint-config": "^0.7.6",
        "@nuxt/module-builder": "^0.8.4",
        "@nuxt/test-utils": "^3.17.1",
        "@tailwindcss/typography": "^0.5.16",
        "changelogen": "^0.5.7",
        "destr": "^2.0.3",
        "eslint": "^9.21.0",
        "happy-dom": "^16.8.1",
        "nuxt": "^3.16.0",
        "typescript": "5.6.3",
        "vitest": "^3.0.8",
        "vue-tsc": "^2.2.8"
      }
    },
    "../../node_modules/.pnpm/nuxt@4.4.2_@babel+core@7.29.0_@babel+plugin-syntax-jsx@7.28.6_@babel+core@7.29.0__@elec_fe4b5d9a68d8a55ea48e96c678769db5/node_modules/nuxt": {
      "version": "4.4.2",
      "license": "MIT",
      "dependencies": {
        "@dxup/nuxt": "^0.4.0",
        "@nuxt/cli": "^3.34.0",
        "@nuxt/devtools": "^3.2.3",
        "@nuxt/kit": "4.4.2",
        "@nuxt/nitro-server": "4.4.2",
        "@nuxt/schema": "4.4.2",
        "@nuxt/telemetry": "^2.7.0",
        "@nuxt/vite-builder": "4.4.2",
        "@unhead/vue": "^2.1.12",
        "@vue/shared": "^3.5.30",
        "c12": "^3.3.3",
        "chokidar": "^5.0.0",
        "compatx": "^0.2.0",
        "consola": "^3.4.2",
        "cookie-es": "^2.0.0",
        "defu": "^6.1.4",
        "devalue": "^5.6.3",
        "errx": "^0.1.0",
        "escape-string-regexp": "^5.0.0",
        "exsolve": "^1.0.8",
        "hookable": "^6.0.1",
        "ignore": "^7.0.5",
        "impound": "^1.1.5",
        "jiti": "^2.6.1",
        "klona": "^2.0.6",
        "knitwork": "^1.3.0",
        "magic-string": "^0.30.21",
        "mlly": "^1.8.1",
        "nanotar": "^0.3.0",
        "nypm": "^0.6.5",
        "ofetch": "^1.5.1",
        "ohash": "^2.0.11",
        "on-change": "^6.0.2",
        "oxc-minify": "^0.117.0",
        "oxc-parser": "^0.117.0",
        "oxc-transform": "^0.117.0",
        "oxc-walker": "^0.7.0",
        "pathe": "^2.0.3",
        "perfect-debounce": "^2.1.0",
        "picomatch": "^4.0.3",
        "pkg-types": "^2.3.0",
        "rou3": "^0.8.1",
        "scule": "^1.3.0",
        "semver": "^7.7.4",
        "std-env": "^4.0.0",
        "tinyglobby": "^0.2.15",
        "ufo": "^1.6.3",
        "ultrahtml": "^1.6.0",
        "uncrypto": "^0.1.3",
        "unctx": "^2.5.0",
        "unimport": "^6.0.1",
        "unplugin": "^3.0.0",
        "unrouting": "^0.1.5",
        "untyped": "^2.0.0",
        "vue": "^3.5.30",
        "vue-router": "^5.0.3"
      },
      "bin": {
        "nuxi": "bin/nuxt.mjs",
        "nuxt": "bin/nuxt.mjs"
      },
      "devDependencies": {
        "@nuxt/scripts": "0.13.2",
        "@parcel/watcher": "2.5.6",
        "@types/estree": "1.0.8",
        "@types/picomatch": "4.0.2",
        "@vitejs/plugin-vue": "6.0.4",
        "@vitejs/plugin-vue-jsx": "5.1.4",
        "@vue/compiler-sfc": "3.5.30",
        "unbuild": "3.6.1",
        "vite": "7.3.1",
        "vitest": "4.0.18",
        "vue-bundle-renderer": "2.2.0",
        "vue-sfc-transformer": "0.1.17"
      },
      "engines": {
        "node": "^20.19.0 || >=22.12.0"
      },
      "peerDependencies": {
        "@parcel/watcher": "^2.1.0",
        "@types/node": ">=18.12.0"
      },
      "peerDependenciesMeta": {
        "@parcel/watcher": {
          "optional": true
        },
        "@types/node": {
          "optional": true
        }
      }
    },
    "../../node_modules/.pnpm/vue-router@5.0.4_@vue+compiler-sfc@3.5.31_vue@3.5.31_typescript@6.0.2_/node_modules/vue-router": {
      "version": "5.0.4",
      "license": "MIT",
      "dependencies": {
        "@babel/generator": "^7.28.6",
        "@vue-macros/common": "^3.1.1",
        "@vue/devtools-api": "^8.0.6",
        "ast-walker-scope": "^0.8.3",
        "chokidar": "^5.0.0",
        "json5": "^2.2.3",
        "local-pkg": "^1.1.2",
        "magic-string": "^0.30.21",
        "mlly": "^1.8.0",
        "muggle-string": "^0.4.1",
        "pathe": "^2.0.3",
        "picomatch": "^4.0.3",
        "scule": "^1.3.0",
        "tinyglobby": "^0.2.15",
        "unplugin": "^3.0.0",
        "unplugin-utils": "^0.3.1",
        "yaml": "^2.8.2"
      },
      "devDependencies": {
        "@babel/types": "^7.29.0",
        "@pinia/colada": "^0.21.2",
        "@playwright/test": "^1.58.1",
        "@rollup/plugin-commonjs": "^28.0.9",
        "@rollup/plugin-node-resolve": "^16.0.3",
        "@rollup/plugin-replace": "^6.0.3",
        "@rollup/plugin-terser": "^0.4.4",
        "@types/babel__generator": "^7.27.0",
        "@types/nightwatch": "^2.3.32",
        "@types/picomatch": "^4.0.2",
        "@typescript/native-preview": "7.0.0-dev.20260106.1",
        "@vitejs/plugin-vue": "^6.0.4",
        "@vue/compiler-sfc": "3.6.0-beta.2",
        "@vue/language-core": "^3.2.1",
        "@vue/server-renderer": "3.6.0-beta.2",
        "@vue/test-utils": "^2.4.6",
        "browserstack-local": "^1.5.8",
        "chromedriver": "^144.0.1",
        "connect-history-api-fallback": "^2.0.0",
        "dotenv": "^17.2.3",
        "faked-promise": "^2.2.2",
        "geckodriver": "^6.1.0",
        "happy-dom": "^20.5.0",
        "nightwatch": "^3.15.0",
        "nightwatch-helpers": "^1.2.0",
        "pinia": "^3.0.4",
        "rimraf": "^6.1.2",
        "rollup": "^4.57.1",
        "rollup-plugin-typescript2": "^0.36.0",
        "tsdown": "^0.20.1",
        "tsup": "^8.5.1",
        "vite": "^7.3.0",
        "vue": "3.6.0-beta.2"
      },
      "funding": {
        "url": "https://github.com/sponsors/posva"
      },
      "peerDependencies": {
        "@pinia/colada": ">=0.21.2",
        "@vue/compiler-sfc": "^3.5.17",
        "pinia": "^3.0.4",
        "vue": "^3.5.0"
      },
      "peerDependenciesMeta": {
        "@pinia/colada": {
          "optional": true
        },
        "@vue/compiler-sfc": {
          "optional": true
        },
        "pinia": {
          "optional": true
        }
      }
    },
    "../../node_modules/.pnpm/vue@3.5.31_typescript@6.0.2/node_modules/vue": {
      "version": "3.5.31",
      "license": "MIT",
      "dependencies": {
        "@vue/compiler-dom": "3.5.31",
        "@vue/compiler-sfc": "3.5.31",
        "@vue/runtime-dom": "3.5.31",
        "@vue/server-renderer": "3.5.31",
        "@vue/shared": "3.5.31"
      },
      "peerDependencies": {
        "typescript": "*"
      },
      "peerDependenciesMeta": {
        "typescript": {
          "optional": true
        }
      }
    },
    "node_modules/@nuxtjs/tailwindcss": {
      "resolved": "../../node_modules/.pnpm/@nuxtjs+tailwindcss@6.14.0_magicast@0.5.2_yaml@2.8.3/node_modules/@nuxtjs/tailwindcss",
      "link": true
    },
    "node_modules/nuxt": {
      "resolved": "../../node_modules/.pnpm/nuxt@4.4.2_@babel+core@7.29.0_@babel+plugin-syntax-jsx@7.28.6_@babel+core@7.29.0__@elec_fe4b5d9a68d8a55ea48e96c678769db5/node_modules/nuxt",
      "link": true
    },
    "node_modules/vue": {
      "resolved": "../../node_modules/.pnpm/vue@3.5.31_typescript@6.0.2/node_modules/vue",
      "link": true
    },
    "node_modules/vue-router": {
      "resolved": "../../node_modules/.pnpm/vue-router@5.0.4_@vue+compiler-sfc@3.5.31_vue@3.5.31_typescript@6.0.2_/node_modules/vue-router",
      "link": true
    }
  }
}
